
Microsoft Visual Studio Solution File, Format Version 12.00
# Visual Studio Version 17
VisualStudioVersion = 17.7.34031.279
MinimumVisualStudioVersion = 10.0.40219.1
Project("{FAE04EC0-301F-11D3-BF4B-00C04F79EFBC}") = "2 уровень 3 задача", "2 уровень 3 задача\2 уровень 3 задача.csproj", "{FF0FED0A-E820-4C68-A6B7-3C61C5A11CB4}"
EndProject
Global
	GlobalSection(SolutionConfigurationPlatforms) = preSolution
		Debug|Any CPU = Debug|Any CPU
		Release|Any CPU = Release|Any CPU
	EndGlobalSection
	GlobalSection(ProjectConfigurationPlatforms) = postSolution
		{FF0FED0A-E820-4C68-A6B7-3C61C5A11CB4}.Debug|Any CPU.ActiveCfg = Debug|Any CPU
		{FF0FED0A-E820-4C68-A6B7-3C61C5A11CB4}.Debug|Any CPU.Build.0 = Debug|Any CPU
		{FF0FED0A-E820-4C68-A6B7-3C61C5A11CB4}.Release|Any CPU.ActiveCfg = Release|Any CPU
		{FF0FED0A-E820-4C68-A6B7-3C61C5A11CB4}.Release|Any CPU.Build.0 = Release|Any CPU
	EndGlobalSection
	GlobalSection(SolutionProperties) = preSolution
		HideSolutionNode = FALSE
	EndGlobalSection
	GlobalSection(ExtensibilityGlobals) = postSolution
		SolutionGuid = {32799B0A-0FE4-479D-9135-49DB7054C282}
	EndGlobalSection
EndGlobal
