
Microsoft Visual Studio Solution File, Format Version 12.00
# Visual Studio Version 17
VisualStudioVersion = 17.7.34031.279
MinimumVisualStudioVersion = 10.0.40219.1
Project("{FAE04EC0-301F-11D3-BF4B-00C04F79EFBC}") = "2 уровень номер 1", "2 уровень номер 1\2 уровень номер 1.csproj", "{48ABFB39-30A7-4177-B9D8-3254F5FD0EA9}"
EndProject
Global
	GlobalSection(SolutionConfigurationPlatforms) = preSolution
		Debug|Any CPU = Debug|Any CPU
		Release|Any CPU = Release|Any CPU
	EndGlobalSection
	GlobalSection(ProjectConfigurationPlatforms) = postSolution
		{48ABFB39-30A7-4177-B9D8-3254F5FD0EA9}.Debug|Any CPU.ActiveCfg = Debug|Any CPU
		{48ABFB39-30A7-4177-B9D8-3254F5FD0EA9}.Debug|Any CPU.Build.0 = Debug|Any CPU
		{48ABFB39-30A7-4177-B9D8-3254F5FD0EA9}.Release|Any CPU.ActiveCfg = Release|Any CPU
		{48ABFB39-30A7-4177-B9D8-3254F5FD0EA9}.Release|Any CPU.Build.0 = Release|Any CPU
	EndGlobalSection
	GlobalSection(SolutionProperties) = preSolution
		HideSolutionNode = FALSE
	EndGlobalSection
	GlobalSection(ExtensibilityGlobals) = postSolution
		SolutionGuid = {BFBE42F2-541C-4397-806A-FB3B96D2688A}
	EndGlobalSection
EndGlobal
